
Microsoft Visual Studio Solution File, Format Version 12.00
# Visual Studio Version 17
VisualStudioVersion = 17.11.35327.3
MinimumVisualStudioVersion = 10.0.40219.1
Project("{FAE04EC0-301F-11D3-BF4B-00C04F79EFBC}") = "ConsoleApp2", "ConsoleApp2\ConsoleApp2.csproj", "{2C9B6D1B-CC50-474A-88AA-C6A731E56299}"
EndProject
Global
	GlobalSection(SolutionConfigurationPlatforms) = preSolution
		Debug|Any CPU = Debug|Any CPU
		Release|Any CPU = Release|Any CPU
	EndGlobalSection
	GlobalSection(ProjectConfigurationPlatforms) = postSolution
		{2C9B6D1B-CC50-474A-88AA-C6A731E56299}.Debug|Any CPU.ActiveCfg = Debug|Any CPU
		{2C9B6D1B-CC50-474A-88AA-C6A731E56299}.Debug|Any CPU.Build.0 = Debug|Any CPU
		{2C9B6D1B-CC50-474A-88AA-C6A731E56299}.Release|Any CPU.ActiveCfg = Release|Any CPU
		{2C9B6D1B-CC50-474A-88AA-C6A731E56299}.Release|Any CPU.Build.0 = Release|Any CPU
	EndGlobalSection
	GlobalSection(SolutionProperties) = preSolution
		HideSolutionNode = FALSE
	EndGlobalSection
	GlobalSection(ExtensibilityGlobals) = postSolution
		SolutionGuid = {0A379F68-9B15-4503-BBBA-D784E7844F13}
	EndGlobalSection
EndGlobal
